
Microsoft Visual Studio Solution File, Format Version 12.00
# Visual Studio Version 16
VisualStudioVersion = 16.0.30128.74
MinimumVisualStudioVersion = 10.0.40219.1
Project("{9A19103F-16F7-4668-BE54-9A1E7A4F7556}") = "ApplicationProcessor", "ApplicationProcessor\ApplicationProcessor.csproj", "{7DFD4686-43F4-43F7-ABB9-F93CD0FB7E4A}"
EndProject
Project("{FAE04EC0-301F-11D3-BF4B-00C04F79EFBC}") = "ULaw.ApplicationProcessor.Tests", "ULaw.ApplicationProcessor.Tests\ULaw.ApplicationProcessor.Tests.csproj", "{CD336F80-38CA-46FE-947C-C9960F8DDC27}"
EndProject
Project("{2150E333-8FDC-42A3-9474-1A3956D46DE8}") = "Solution Items", "Solution Items", "{B3CBAC06-ECF6-4687-9DDF-F79A7600D493}"
	ProjectSection(SolutionItems) = preProject
		Technical Exercise Instructions.docx = Technical Exercise Instructions.docx
	EndProjectSection
EndProject
Global
	GlobalSection(SolutionConfigurationPlatforms) = preSolution
		Debug|Any CPU = Debug|Any CPU
		Release|Any CPU = Release|Any CPU
	EndGlobalSection
	GlobalSection(ProjectConfigurationPlatforms) = postSolution
		{7DFD4686-43F4-43F7-ABB9-F93CD0FB7E4A}.Debug|Any CPU.ActiveCfg = Debug|Any CPU
		{7DFD4686-43F4-43F7-ABB9-F93CD0FB7E4A}.Debug|Any CPU.Build.0 = Debug|Any CPU
		{7DFD4686-43F4-43F7-ABB9-F93CD0FB7E4A}.Release|Any CPU.ActiveCfg = Release|Any CPU
		{7DFD4686-43F4-43F7-ABB9-F93CD0FB7E4A}.Release|Any CPU.Build.0 = Release|Any CPU
		{CD336F80-38CA-46FE-947C-C9960F8DDC27}.Debug|Any CPU.ActiveCfg = Debug|Any CPU
		{CD336F80-38CA-46FE-947C-C9960F8DDC27}.Debug|Any CPU.Build.0 = Debug|Any CPU
		{CD336F80-38CA-46FE-947C-C9960F8DDC27}.Release|Any CPU.ActiveCfg = Release|Any CPU
		{CD336F80-38CA-46FE-947C-C9960F8DDC27}.Release|Any CPU.Build.0 = Release|Any CPU
	EndGlobalSection
	GlobalSection(SolutionProperties) = preSolution
		HideSolutionNode = FALSE
	EndGlobalSection
	GlobalSection(ExtensibilityGlobals) = postSolution
		SolutionGuid = {FEA55520-938D-42F0-8F65-B2322838FF5F}
	EndGlobalSection
EndGlobal
